// !$*UTF8*$!
{
	archiveVersion = 1;
	classes = {
	};
	objectVersion = 48;
	objects = {

/* Begin PBXBuildFile section */
		562CB3521F84B71500D98B50 /* ptyexec in Resources */ = {isa = PBXBuildFile; fileRef = 562CB3511F84B71500D98B50 /* ptyexec */; };
		562CB3551F84F80800D98B50 /* testInstall.sh in Resources */ = {isa = PBXBuildFile; fileRef = 562CB3541F84F80800D98B50 /* testInstall.sh */; };
		5640DDAE1F791812004E68C1 /* Utilities.swift in Sources */ = {isa = PBXBuildFile; fileRef = 5640DDAD1F791812004E68C1 /* Utilities.swift */; };
		5640DDB01F7A44FF004E68C1 /* MainWindowController.swift in Sources */ = {isa = PBXBuildFile; fileRef = 5640DDAF1F7A44FF004E68C1 /* MainWindowController.swift */; };
		565325271F739A000005B324 /* AppDelegate.swift in Sources */ = {isa = PBXBuildFile; fileRef = 565325261F739A000005B324 /* AppDelegate.swift */; };
		565325291F739A000005B324 /* MainViewController.swift in Sources */ = {isa = PBXBuildFile; fileRef = 565325281F739A000005B324 /* MainViewController.swift */; };
		5653252E1F739A000005B324 /* Main.storyboard in Resources */ = {isa = PBXBuildFile; fileRef = 5653252C1F739A000005B324 /* Main.storyboard */; };
		5653253A1F739A000005B324 /* SimpleInstallerTests.swift in Sources */ = {isa = PBXBuildFile; fileRef = 565325391F739A000005B324 /* SimpleInstallerTests.swift */; };
		565325451F739A000005B324 /* SimpleInstallerUITests.swift in Sources */ = {isa = PBXBuildFile; fileRef = 565325441F739A000005B324 /* SimpleInstallerUITests.swift */; };
		565325541F739F580005B324 /* LoadingViewController.swift in Sources */ = {isa = PBXBuildFile; fileRef = 565325521F739F580005B324 /* LoadingViewController.swift */; };
		565325591F73B1470005B324 /* MainPageController.swift in Sources */ = {isa = PBXBuildFile; fileRef = 565325581F73B1470005B324 /* MainPageController.swift */; };
		5680C0D01F7A6CD00082BDC1 /* Assets.xcassets in Resources */ = {isa = PBXBuildFile; fileRef = 5680C0CF1F7A6CD00082BDC1 /* Assets.xcassets */; };
		56D4346E1F76560E000988BE /* Preferences.swift in Sources */ = {isa = PBXBuildFile; fileRef = 56D4346D1F76560E000988BE /* Preferences.swift */; };
		56D59AC01F865B4C00625C0D /* Log.swift in Sources */ = {isa = PBXBuildFile; fileRef = 56D59ABF1F865B4C00625C0D /* Log.swift */; };
		56F47E781F83B75300BFAE3A /* BackgroundWindowController.swift in Sources */ = {isa = PBXBuildFile; fileRef = 56F47E771F83B75300BFAE3A /* BackgroundWindowController.swift */; };
/* End PBXBuildFile section */

/* Begin PBXContainerItemProxy section */
		565325361F739A000005B324 /* PBXContainerItemProxy */ = {
			isa = PBXContainerItemProxy;
			containerPortal = 5653251B1F739A000005B324 /* Project object */;
			proxyType = 1;
			remoteGlobalIDString = 565325221F739A000005B324;
			remoteInfo = SimpleInstaller;
		};
		565325411F739A000005B324 /* PBXContainerItemProxy */ = {
			isa = PBXContainerItemProxy;
			containerPortal = 5653251B1F739A000005B324 /* Project object */;
			proxyType = 1;
			remoteGlobalIDString = 565325221F739A000005B324;
			remoteInfo = SimpleInstaller;
		};
/* End PBXContainerItemProxy section */

/* Begin PBXFileReference section */
		562CB3511F84B71500D98B50 /* ptyexec */ = {isa = PBXFileReference; lastKnownFileType = text.script.python; path = ptyexec; sourceTree = "<group>"; };
		562CB3541F84F80800D98B50 /* testInstall.sh */ = {isa = PBXFileReference; lastKnownFileType = text.script.sh; path = testInstall.sh; sourceTree = "<group>"; };
		5640DDAD1F791812004E68C1 /* Utilities.swift */ = {isa = PBXFileReference; lastKnownFileType = sourcecode.swift; path = Utilities.swift; sourceTree = "<group>"; };
		5640DDAF1F7A44FF004E68C1 /* MainWindowController.swift */ = {isa = PBXFileReference; lastKnownFileType = sourcecode.swift; path = MainWindowController.swift; sourceTree = "<group>"; };
		565325231F739A000005B324 /* SimpleInstaller.app */ = {isa = PBXFileReference; explicitFileType = wrapper.application; includeInIndex = 0; path = SimpleInstaller.app; sourceTree = BUILT_PRODUCTS_DIR; };
		565325261F739A000005B324 /* AppDelegate.swift */ = {isa = PBXFileReference; lastKnownFileType = sourcecode.swift; path = AppDelegate.swift; sourceTree = "<group>"; };
		565325281F739A000005B324 /* MainViewController.swift */ = {isa = PBXFileReference; lastKnownFileType = sourcecode.swift; path = MainViewController.swift; sourceTree = "<group>"; };
		5653252D1F739A000005B324 /* Base */ = {isa = PBXFileReference; lastKnownFileType = file.storyboard; name = Base; path = Base.lproj/Main.storyboard; sourceTree = "<group>"; };
		5653252F1F739A000005B324 /* Info.plist */ = {isa = PBXFileReference; lastKnownFileType = text.plist.xml; path = Info.plist; sourceTree = "<group>"; };
		565325301F739A000005B324 /* SimpleInstaller.entitlements */ = {isa = PBXFileReference; lastKnownFileType = text.plist.entitlements; path = SimpleInstaller.entitlements; sourceTree = "<group>"; };
		565325351F739A000005B324 /* SimpleInstallerTests.xctest */ = {isa = PBXFileReference; explicitFileType = wrapper.cfbundle; includeInIndex = 0; path = SimpleInstallerTests.xctest; sourceTree = BUILT_PRODUCTS_DIR; };
		565325391F739A000005B324 /* SimpleInstallerTests.swift */ = {isa = PBXFileReference; lastKnownFileType = sourcecode.swift; path = SimpleInstallerTests.swift; sourceTree = "<group>"; };
		5653253B1F739A000005B324 /* Info.plist */ = {isa = PBXFileReference; lastKnownFileType = text.plist.xml; path = Info.plist; sourceTree = "<group>"; };
		565325401F739A000005B324 /* SimpleInstallerUITests.xctest */ = {isa = PBXFileReference; explicitFileType = wrapper.cfbundle; includeInIndex = 0; path = SimpleInstallerUITests.xctest; sourceTree = BUILT_PRODUCTS_DIR; };
		565325441F739A000005B324 /* SimpleInstallerUITests.swift */ = {isa = PBXFileReference; lastKnownFileType = sourcecode.swift; path = SimpleInstallerUITests.swift; sourceTree = "<group>"; };
		565325461F739A000005B324 /* Info.plist */ = {isa = PBXFileReference; lastKnownFileType = text.plist.xml; path = Info.plist; sourceTree = "<group>"; };
		565325521F739F580005B324 /* LoadingViewController.swift */ = {isa = PBXFileReference; lastKnownFileType = sourcecode.swift; path = LoadingViewController.swift; sourceTree = "<group>"; };
		565325581F73B1470005B324 /* MainPageController.swift */ = {isa = PBXFileReference; lastKnownFileType = sourcecode.swift; path = MainPageController.swift; sourceTree = "<group>"; };
		5680C0CF1F7A6CD00082BDC1 /* Assets.xcassets */ = {isa = PBXFileReference; lastKnownFileType = folder.assetcatalog; path = Assets.xcassets; sourceTree = "<group>"; };
		56D4346D1F76560E000988BE /* Preferences.swift */ = {isa = PBXFileReference; lastKnownFileType = sourcecode.swift; path = Preferences.swift; sourceTree = "<group>"; };
		56D59ABF1F865B4C00625C0D /* Log.swift */ = {isa = PBXFileReference; lastKnownFileType = sourcecode.swift; path = Log.swift; sourceTree = "<group>"; };
		56F47E771F83B75300BFAE3A /* BackgroundWindowController.swift */ = {isa = PBXFileReference; fileEncoding = 4; lastKnownFileType = sourcecode.swift; path = BackgroundWindowController.swift; sourceTree = "<group>"; };
/* End PBXFileReference section */

/* Begin PBXFrameworksBuildPhase section */
		565325201F739A000005B324 /* Frameworks */ = {
			isa = PBXFrameworksBuildPhase;
			buildActionMask = 2147483647;
			files = (
			);
			runOnlyForDeploymentPostprocessing = 0;
		};
		565325321F739A000005B324 /* Frameworks */ = {
			isa = PBXFrameworksBuildPhase;
			buildActionMask = 2147483647;
			files = (
			);
			runOnlyForDeploymentPostprocessing = 0;
		};
		5653253D1F739A000005B324 /* Frameworks */ = {
			isa = PBXFrameworksBuildPhase;
			buildActionMask = 2147483647;
			files = (
			);
			runOnlyForDeploymentPostprocessing = 0;
		};
/* End PBXFrameworksBuildPhase section */

/* Begin PBXGroup section */
		562CB3531F84B72100D98B50 /* Helper */ = {
			isa = PBXGroup;
			children = (
				562CB3511F84B71500D98B50 /* ptyexec */,
				562CB3541F84F80800D98B50 /* testInstall.sh */,
			);
			name = Helper;
			sourceTree = "<group>";
		};
		5653251A1F739A000005B324 = {
			isa = PBXGroup;
			children = (
				565325251F739A000005B324 /* SimpleInstaller */,
				565325381F739A000005B324 /* SimpleInstallerTests */,
				565325431F739A000005B324 /* SimpleInstallerUITests */,
				565325241F739A000005B324 /* Products */,
			);
			sourceTree = "<group>";
		};
		565325241F739A000005B324 /* Products */ = {
			isa = PBXGroup;
			children = (
				565325231F739A000005B324 /* SimpleInstaller.app */,
				565325351F739A000005B324 /* SimpleInstallerTests.xctest */,
				565325401F739A000005B324 /* SimpleInstallerUITests.xctest */,
			);
			name = Products;
			sourceTree = "<group>";
		};
		565325251F739A000005B324 /* SimpleInstaller */ = {
			isa = PBXGroup;
			children = (
				562CB3531F84B72100D98B50 /* Helper */,
				565325261F739A000005B324 /* AppDelegate.swift */,
				56F47E771F83B75300BFAE3A /* BackgroundWindowController.swift */,
				5640DDAF1F7A44FF004E68C1 /* MainWindowController.swift */,
				565325581F73B1470005B324 /* MainPageController.swift */,
				565325281F739A000005B324 /* MainViewController.swift */,
				565325521F739F580005B324 /* LoadingViewController.swift */,
				56D4346D1F76560E000988BE /* Preferences.swift */,
				5640DDAD1F791812004E68C1 /* Utilities.swift */,
				56D59ABF1F865B4C00625C0D /* Log.swift */,
				5653252C1F739A000005B324 /* Main.storyboard */,
				5653252F1F739A000005B324 /* Info.plist */,
				565325301F739A000005B324 /* SimpleInstaller.entitlements */,
				5680C0CF1F7A6CD00082BDC1 /* Assets.xcassets */,
			);
			path = SimpleInstaller;
			sourceTree = "<group>";
		};
		565325381F739A000005B324 /* SimpleInstallerTests */ = {
			isa = PBXGroup;
			children = (
				565325391F739A000005B324 /* SimpleInstallerTests.swift */,
				5653253B1F739A000005B324 /* Info.plist */,
			);
			path = SimpleInstallerTests;
			sourceTree = "<group>";
		};
		565325431F739A000005B324 /* SimpleInstallerUITests */ = {
			isa = PBXGroup;
			children = (
				565325441F739A000005B324 /* SimpleInstallerUITests.swift */,
				565325461F739A000005B324 /* Info.plist */,
			);
			path = SimpleInstallerUITests;
			sourceTree = "<group>";
		};
/* End PBXGroup section */

/* Begin PBXNativeTarget section */
		565325221F739A000005B324 /* SimpleInstaller */ = {
			isa = PBXNativeTarget;
			buildConfigurationList = 565325491F739A000005B324 /* Build configuration list for PBXNativeTarget "SimpleInstaller" */;
			buildPhases = (
				5653251F1F739A000005B324 /* Sources */,
				565325201F739A000005B324 /* Frameworks */,
				565325211F739A000005B324 /* Resources */,
			);
			buildRules = (
			);
			dependencies = (
			);
			name = SimpleInstaller;
			productName = SimpleInstaller;
			productReference = 565325231F739A000005B324 /* SimpleInstaller.app */;
			productType = "com.apple.product-type.application";
		};
		565325341F739A000005B324 /* SimpleInstallerTests */ = {
			isa = PBXNativeTarget;
			buildConfigurationList = 5653254C1F739A000005B324 /* Build configuration list for PBXNativeTarget "SimpleInstallerTests" */;
			buildPhases = (
				565325311F739A000005B324 /* Sources */,
				565325321F739A000005B324 /* Frameworks */,
				565325331F739A000005B324 /* Resources */,
			);
			buildRules = (
			);
			dependencies = (
				565325371F739A000005B324 /* PBXTargetDependency */,
			);
			name = SimpleInstallerTests;
			productName = SimpleInstallerTests;
			productReference = 565325351F739A000005B324 /* SimpleInstallerTests.xctest */;
			productType = "com.apple.product-type.bundle.unit-test";
		};
		5653253F1F739A000005B324 /* SimpleInstallerUITests */ = {
			isa = PBXNativeTarget;
			buildConfigurationList = 5653254F1F739A000005B324 /* Build configuration list for PBXNativeTarget "SimpleInstallerUITests" */;
			buildPhases = (
				5653253C1F739A000005B324 /* Sources */,
				5653253D1F739A000005B324 /* Frameworks */,
				5653253E1F739A000005B324 /* Resources */,
			);
			buildRules = (
			);
			dependencies = (
				565325421F739A000005B324 /* PBXTargetDependency */,
			);
			name = SimpleInstallerUITests;
			productName = SimpleInstallerUITests;
			productReference = 565325401F739A000005B324 /* SimpleInstallerUITests.xctest */;
			productType = "com.apple.product-type.bundle.ui-testing";
		};
/* End PBXNativeTarget section */

/* Begin PBXProject section */
		5653251B1F739A000005B324 /* Project object */ = {
			isa = PBXProject;
			attributes = {
				LastSwiftUpdateCheck = 0900;
				LastUpgradeCheck = 0900;
				ORGANIZATIONNAME = "Steve Küng";
				TargetAttributes = {
					565325221F739A000005B324 = {
						CreatedOnToolsVersion = 9.0;
						ProvisioningStyle = Automatic;
						SystemCapabilities = {
							com.apple.Sandbox = {
								enabled = 0;
							};
						};
					};
					565325341F739A000005B324 = {
						CreatedOnToolsVersion = 9.0;
						ProvisioningStyle = Automatic;
						TestTargetID = 565325221F739A000005B324;
					};
					5653253F1F739A000005B324 = {
						CreatedOnToolsVersion = 9.0;
						ProvisioningStyle = Automatic;
						TestTargetID = 565325221F739A000005B324;
					};
				};
			};
			buildConfigurationList = 5653251E1F739A000005B324 /* Build configuration list for PBXProject "SimpleInstaller" */;
			compatibilityVersion = "Xcode 8.0";
			developmentRegion = en;
			hasScannedForEncodings = 0;
			knownRegions = (
				en,
				Base,
			);
			mainGroup = 5653251A1F739A000005B324;
			productRefGroup = 565325241F739A000005B324 /* Products */;
			projectDirPath = "";
			projectRoot = "";
			targets = (
				565325221F739A000005B324 /* SimpleInstaller */,
				565325341F739A000005B324 /* SimpleInstallerTests */,
				5653253F1F739A000005B324 /* SimpleInstallerUITests */,
			);
		};
/* End PBXProject section */

/* Begin PBXResourcesBuildPhase section */
		565325211F739A000005B324 /* Resources */ = {
			isa = PBXResourcesBuildPhase;
			buildActionMask = 2147483647;
			files = (
				562CB3521F84B71500D98B50 /* ptyexec in Resources */,
				5680C0D01F7A6CD00082BDC1 /* Assets.xcassets in Resources */,
				562CB3551F84F80800D98B50 /* testInstall.sh in Resources */,
				5653252E1F739A000005B324 /* Main.storyboard in Resources */,
			);
			runOnlyForDeploymentPostprocessing = 0;
		};
		565325331F739A000005B324 /* Resources */ = {
			isa = PBXResourcesBuildPhase;
			buildActionMask = 2147483647;
			files = (
			);
			runOnlyForDeploymentPostprocessing = 0;
		};
		5653253E1F739A000005B324 /* Resources */ = {
			isa = PBXResourcesBuildPhase;
			buildActionMask = 2147483647;
			files = (
			);
			runOnlyForDeploymentPostprocessing = 0;
		};
/* End PBXResourcesBuildPhase section */

/* Begin PBXSourcesBuildPhase section */
		5653251F1F739A000005B324 /* Sources */ = {
			isa = PBXSourcesBuildPhase;
			buildActionMask = 2147483647;
			files = (
				5640DDAE1F791812004E68C1 /* Utilities.swift in Sources */,
				5640DDB01F7A44FF004E68C1 /* MainWindowController.swift in Sources */,
				56D59AC01F865B4C00625C0D /* Log.swift in Sources */,
				565325541F739F580005B324 /* LoadingViewController.swift in Sources */,
				565325591F73B1470005B324 /* MainPageController.swift in Sources */,
				56D4346E1F76560E000988BE /* Preferences.swift in Sources */,
				565325291F739A000005B324 /* MainViewController.swift in Sources */,
				56F47E781F83B75300BFAE3A /* BackgroundWindowController.swift in Sources */,
				565325271F739A000005B324 /* AppDelegate.swift in Sources */,
			);
			runOnlyForDeploymentPostprocessing = 0;
		};
		565325311F739A000005B324 /* Sources */ = {
			isa = PBXSourcesBuildPhase;
			buildActionMask = 2147483647;
			files = (
				5653253A1F739A000005B324 /* SimpleInstallerTests.swift in Sources */,
			);
			runOnlyForDeploymentPostprocessing = 0;
		};
		5653253C1F739A000005B324 /* Sources */ = {
			isa = PBXSourcesBuildPhase;
			buildActionMask = 2147483647;
			files = (
				565325451F739A000005B324 /* SimpleInstallerUITests.swift in Sources */,
			);
			runOnlyForDeploymentPostprocessing = 0;
		};
/* End PBXSourcesBuildPhase section */

/* Begin PBXTargetDependency section */
		565325371F739A000005B324 /* PBXTargetDependency */ = {
			isa = PBXTargetDependency;
			target = 565325221F739A000005B324 /* SimpleInstaller */;
			targetProxy = 565325361F739A000005B324 /* PBXContainerItemProxy */;
		};
		565325421F739A000005B324 /* PBXTargetDependency */ = {
			isa = PBXTargetDependency;
			target = 565325221F739A000005B324 /* SimpleInstaller */;
			targetProxy = 565325411F739A000005B324 /* PBXContainerItemProxy */;
		};
/* End PBXTargetDependency section */

/* Begin PBXVariantGroup section */
		5653252C1F739A000005B324 /* Main.storyboard */ = {
			isa = PBXVariantGroup;
			children = (
				5653252D1F739A000005B324 /* Base */,
			);
			name = Main.storyboard;
			sourceTree = "<group>";
		};
/* End PBXVariantGroup section */

/* Begin XCBuildConfiguration section */
		565325471F739A000005B324 /* Debug */ = {
			isa = XCBuildConfiguration;
			buildSettings = {
				ALWAYS_SEARCH_USER_PATHS = NO;
				CLANG_ANALYZER_NONNULL = YES;
				CLANG_ANALYZER_NUMBER_OBJECT_CONVERSION = YES_AGGRESSIVE;
				CLANG_CXX_LANGUAGE_STANDARD = "gnu++14";
				CLANG_CXX_LIBRARY = "libc++";
				CLANG_ENABLE_MODULES = YES;
				CLANG_ENABLE_OBJC_ARC = YES;
				CLANG_WARN_BLOCK_CAPTURE_AUTORELEASING = YES;
				CLANG_WARN_BOOL_CONVERSION = YES;
				CLANG_WARN_COMMA = YES;
				CLANG_WARN_CONSTANT_CONVERSION = YES;
				CLANG_WARN_DIRECT_OBJC_ISA_USAGE = YES_ERROR;
				CLANG_WARN_DOCUMENTATION_COMMENTS = YES;
				CLANG_WARN_EMPTY_BODY = YES;
				CLANG_WARN_ENUM_CONVERSION = YES;
				CLANG_WARN_INFINITE_RECURSION = YES;
				CLANG_WARN_INT_CONVERSION = YES;
				CLANG_WARN_NON_LITERAL_NULL_CONVERSION = YES;
				CLANG_WARN_OBJC_LITERAL_CONVERSION = YES;
				CLANG_WARN_OBJC_ROOT_CLASS = YES_ERROR;
				CLANG_WARN_RANGE_LOOP_ANALYSIS = YES;
				CLANG_WARN_STRICT_PROTOTYPES = YES;
				CLANG_WARN_SUSPICIOUS_MOVE = YES;
				CLANG_WARN_UNGUARDED_AVAILABILITY = YES_AGGRESSIVE;
				CLANG_WARN_UNREACHABLE_CODE = YES;
				CLANG_WARN__DUPLICATE_METHOD_MATCH = YES;
				CODE_SIGN_IDENTITY = "Mac Developer";
				COPY_PHASE_STRIP = NO;
				DEBUG_INFORMATION_FORMAT = dwarf;
				ENABLE_STRICT_OBJC_MSGSEND = YES;
				ENABLE_TESTABILITY = YES;
				GCC_C_LANGUAGE_STANDARD = gnu11;
				GCC_DYNAMIC_NO_PIC = NO;
				GCC_NO_COMMON_BLOCKS = YES;
				GCC_OPTIMIZATION_LEVEL = 0;
				GCC_PREPROCESSOR_DEFINITIONS = (
					"DEBUG=1",
					"$(inherited)",
				);
				GCC_WARN_64_TO_32_BIT_CONVERSION = YES;
				GCC_WARN_ABOUT_RETURN_TYPE = YES_ERROR;
				GCC_WARN_UNDECLARED_SELECTOR = YES;
				GCC_WARN_UNINITIALIZED_AUTOS = YES_AGGRESSIVE;
				GCC_WARN_UNUSED_FUNCTION = YES;
				GCC_WARN_UNUSED_VARIABLE = YES;
				MACOSX_DEPLOYMENT_TARGET = 10.13;
				MTL_ENABLE_DEBUG_INFO = YES;
				ONLY_ACTIVE_ARCH = YES;
				SDKROOT = macosx;
				SWIFT_ACTIVE_COMPILATION_CONDITIONS = DEBUG;
				SWIFT_OPTIMIZATION_LEVEL = "-Onone";
			};
			name = Debug;
		};
		565325481F739A000005B324 /* Release */ = {
			isa = XCBuildConfiguration;
			buildSettings = {
				ALWAYS_SEARCH_USER_PATHS = NO;
				CLANG_ANALYZER_NONNULL = YES;
				CLANG_ANALYZER_NUMBER_OBJECT_CONVERSION = YES_AGGRESSIVE;
				CLANG_CXX_LANGUAGE_STANDARD = "gnu++14";
				CLANG_CXX_LIBRARY = "libc++";
				CLANG_ENABLE_MODULES = YES;
				CLANG_ENABLE_OBJC_ARC = YES;
				CLANG_WARN_BLOCK_CAPTURE_AUTORELEASING = YES;
				CLANG_WARN_BOOL_CONVERSION = YES;
				CLANG_WARN_COMMA = YES;
				CLANG_WARN_CONSTANT_CONVERSION = YES;
				CLANG_WARN_DIRECT_OBJC_ISA_USAGE = YES_ERROR;
				CLANG_WARN_DOCUMENTATION_COMMENTS = YES;
				CLANG_WARN_EMPTY_BODY = YES;
				CLANG_WARN_ENUM_CONVERSION = YES;
				CLANG_WARN_INFINITE_RECURSION = YES;
				CLANG_WARN_INT_CONVERSION = YES;
				CLANG_WARN_NON_LITERAL_NULL_CONVERSION = YES;
				CLANG_WARN_OBJC_LITERAL_CONVERSION = YES;
				CLANG_WARN_OBJC_ROOT_CLASS = YES_ERROR;
				CLANG_WARN_RANGE_LOOP_ANALYSIS = YES;
				CLANG_WARN_STRICT_PROTOTYPES = YES;
				CLANG_WARN_SUSPICIOUS_MOVE = YES;
				CLANG_WARN_UNGUARDED_AVAILABILITY = YES_AGGRESSIVE;
				CLANG_WARN_UNREACHABLE_CODE = YES;
				CLANG_WARN__DUPLICATE_METHOD_MATCH = YES;
				CODE_SIGN_IDENTITY = "Mac Developer";
				COPY_PHASE_STRIP = NO;
				DEBUG_INFORMATION_FORMAT = "dwarf-with-dsym";
				ENABLE_NS_ASSERTIONS = NO;
				ENABLE_STRICT_OBJC_MSGSEND = YES;
				GCC_C_LANGUAGE_STANDARD = gnu11;
				GCC_NO_COMMON_BLOCKS = YES;
				GCC_WARN_64_TO_32_BIT_CONVERSION = YES;
				GCC_WARN_ABOUT_RETURN_TYPE = YES_ERROR;
				GCC_WARN_UNDECLARED_SELECTOR = YES;
				GCC_WARN_UNINITIALIZED_AUTOS = YES_AGGRESSIVE;
				GCC_WARN_UNUSED_FUNCTION = YES;
				GCC_WARN_UNUSED_VARIABLE = YES;
				MACOSX_DEPLOYMENT_TARGET = 10.13;
				MTL_ENABLE_DEBUG_INFO = NO;
				SDKROOT = macosx;
				SWIFT_OPTIMIZATION_LEVEL = "-Owholemodule";
			};
			name = Release;
		};
		5653254A1F739A000005B324 /* Debug */ = {
			isa = XCBuildConfiguration;
			buildSettings = {
				ASSETCATALOG_COMPILER_APPICON_NAME = AppIcon;
				CODE_SIGN_STYLE = Automatic;
				COMBINE_HIDPI_IMAGES = YES;
				DEVELOPMENT_TEAM = T8Z934872M;
				INFOPLIST_FILE = SimpleInstaller/Info.plist;
				LD_RUNPATH_SEARCH_PATHS = "$(inherited) @executable_path/../Frameworks";
				PRODUCT_BUNDLE_IDENTIFIER = com.github.stevekueng.SimpleInstaller;
				PRODUCT_NAME = "$(TARGET_NAME)";
				SWIFT_VERSION = 4.0;
			};
			name = Debug;
		};
		5653254B1F739A000005B324 /* Release */ = {
			isa = XCBuildConfiguration;
			buildSettings = {
				ASSETCATALOG_COMPILER_APPICON_NAME = AppIcon;
				CODE_SIGN_STYLE = Automatic;
				COMBINE_HIDPI_IMAGES = YES;
				DEVELOPMENT_TEAM = T8Z934872M;
				INFOPLIST_FILE = SimpleInstaller/Info.plist;
				LD_RUNPATH_SEARCH_PATHS = "$(inherited) @executable_path/../Frameworks";
				PRODUCT_BUNDLE_IDENTIFIER = com.github.stevekueng.SimpleInstaller;
				PRODUCT_NAME = "$(TARGET_NAME)";
				SWIFT_VERSION = 4.0;
			};
			name = Release;
		};
		5653254D1F739A000005B324 /* Debug */ = {
			isa = XCBuildConfiguration;
			buildSettings = {
				ALWAYS_EMBED_SWIFT_STANDARD_LIBRARIES = YES;
				BUNDLE_LOADER = "$(TEST_HOST)";
				CODE_SIGN_STYLE = Automatic;
				COMBINE_HIDPI_IMAGES = YES;
				DEVELOPMENT_TEAM = T8Z934872M;
				INFOPLIST_FILE = SimpleInstallerTests/Info.plist;
				LD_RUNPATH_SEARCH_PATHS = "$(inherited) @executable_path/../Frameworks @loader_path/../Frameworks";
				PRODUCT_BUNDLE_IDENTIFIER = ch.srgssr.SimpleInstallerTests;
				PRODUCT_NAME = "$(TARGET_NAME)";
				SWIFT_VERSION = 4.0;
				TEST_HOST = "$(BUILT_PRODUCTS_DIR)/SimpleInstaller.app/Contents/MacOS/SimpleInstaller";
			};
			name = Debug;
		};
		5653254E1F739A000005B324 /* Release */ = {
			isa = XCBuildConfiguration;
			buildSettings = {
				ALWAYS_EMBED_SWIFT_STANDARD_LIBRARIES = YES;
				BUNDLE_LOADER = "$(TEST_HOST)";
				CODE_SIGN_STYLE = Automatic;
				COMBINE_HIDPI_IMAGES = YES;
				DEVELOPMENT_TEAM = T8Z934872M;
				INFOPLIST_FILE = SimpleInstallerTests/Info.plist;
				LD_RUNPATH_SEARCH_PATHS = "$(inherited) @executable_path/../Frameworks @loader_path/../Frameworks";
				PRODUCT_BUNDLE_IDENTIFIER = ch.srgssr.SimpleInstallerTests;
				PRODUCT_NAME = "$(TARGET_NAME)";
				SWIFT_VERSION = 4.0;
				TEST_HOST = "$(BUILT_PRODUCTS_DIR)/SimpleInstaller.app/Contents/MacOS/SimpleInstaller";
			};
			name = Release;
		};
		565325501F739A000005B324 /* Debug */ = {
			isa = XCBuildConfiguration;
			buildSettings = {
				ALWAYS_EMBED_SWIFT_STANDARD_LIBRARIES = YES;
				CODE_SIGN_STYLE = Automatic;
				COMBINE_HIDPI_IMAGES = YES;
				DEVELOPMENT_TEAM = T8Z934872M;
				INFOPLIST_FILE = SimpleInstallerUITests/Info.plist;
				LD_RUNPATH_SEARCH_PATHS = "$(inherited) @executable_path/../Frameworks @loader_path/../Frameworks";
				PRODUCT_BUNDLE_IDENTIFIER = ch.srgssr.SimpleInstallerUITests;
				PRODUCT_NAME = "$(TARGET_NAME)";
				SWIFT_VERSION = 4.0;
				TEST_TARGET_NAME = SimpleInstaller;
			};
			name = Debug;
		};
		565325511F739A000005B324 /* Release */ = {
			isa = XCBuildConfiguration;
			buildSettings = {
				ALWAYS_EMBED_SWIFT_STANDARD_LIBRARIES = YES;
				CODE_SIGN_STYLE = Automatic;
				COMBINE_HIDPI_IMAGES = YES;
				DEVELOPMENT_TEAM = T8Z934872M;
				INFOPLIST_FILE = SimpleInstallerUITests/Info.plist;
				LD_RUNPATH_SEARCH_PATHS = "$(inherited) @executable_path/../Frameworks @loader_path/../Frameworks";
				PRODUCT_BUNDLE_IDENTIFIER = ch.srgssr.SimpleInstallerUITests;
				PRODUCT_NAME = "$(TARGET_NAME)";
				SWIFT_VERSION = 4.0;
				TEST_TARGET_NAME = SimpleInstaller;
			};
			name = Release;
		};
/* End XCBuildConfiguration section */

/* Begin XCConfigurationList section */
		5653251E1F739A000005B324 /* Build configuration list for PBXProject "SimpleInstaller" */ = {
			isa = XCConfigurationList;
			buildConfigurations = (
				565325471F739A000005B324 /* Debug */,
				565325481F739A000005B324 /* Release */,
			);
			defaultConfigurationIsVisible = 0;
			defaultConfigurationName = Release;
		};
		565325491F739A000005B324 /* Build configuration list for PBXNativeTarget "SimpleInstaller" */ = {
			isa = XCConfigurationList;
			buildConfigurations = (
				5653254A1F739A000005B324 /* Debug */,
				5653254B1F739A000005B324 /* Release */,
			);
			defaultConfigurationIsVisible = 0;
			defaultConfigurationName = Release;
		};
		5653254C1F739A000005B324 /* Build configuration list for PBXNativeTarget "SimpleInstallerTests" */ = {
			isa = XCConfigurationList;
			buildConfigurations = (
				5653254D1F739A000005B324 /* Debug */,
				5653254E1F739A000005B324 /* Release */,
			);
			defaultConfigurationIsVisible = 0;
			defaultConfigurationName = Release;
		};
		5653254F1F739A000005B324 /* Build configuration list for PBXNativeTarget "SimpleInstallerUITests" */ = {
			isa = XCConfigurationList;
			buildConfigurations = (
				565325501F739A000005B324 /* Debug */,
				565325511F739A000005B324 /* Release */,
			);
			defaultConfigurationIsVisible = 0;
			defaultConfigurationName = Release;
		};
/* End XCConfigurationList section */
	};
	rootObject = 5653251B1F739A000005B324 /* Project object */;
}
